
Microsoft Visual Studio Solution File, Format Version 12.00
# Blend for Visual Studio Version 17
VisualStudioVersion = 17.5.33414.496
MinimumVisualStudioVersion = 10.0.40219.1
Project("{FAE04EC0-301F-11D3-BF4B-00C04F79EFBC}") = "WpfApp1", "WpfApp1\WpfApp1.csproj", "{60220F99-1F28-4E42-8C23-2A5672F97584}"
EndProject
Global
	GlobalSection(SolutionConfigurationPlatforms) = preSolution
		Debug|Any CPU = Debug|Any CPU
		Release|Any CPU = Release|Any CPU
	EndGlobalSection
	GlobalSection(ProjectConfigurationPlatforms) = postSolution
		{60220F99-1F28-4E42-8C23-2A5672F97584}.Debug|Any CPU.ActiveCfg = Debug|Any CPU
		{60220F99-1F28-4E42-8C23-2A5672F97584}.Debug|Any CPU.Build.0 = Debug|Any CPU
		{60220F99-1F28-4E42-8C23-2A5672F97584}.Release|Any CPU.ActiveCfg = Release|Any CPU
		{60220F99-1F28-4E42-8C23-2A5672F97584}.Release|Any CPU.Build.0 = Release|Any CPU
	EndGlobalSection
	GlobalSection(SolutionProperties) = preSolution
		HideSolutionNode = FALSE
	EndGlobalSection
	GlobalSection(ExtensibilityGlobals) = postSolution
		SolutionGuid = {8E899707-68E7-4AEC-BA42-E13F73F488A9}
	EndGlobalSection
EndGlobal
